
Microsoft Visual Studio Solution File, Format Version 12.00
# Visual Studio 15
VisualStudioVersion = 15.0.27703.2042
MinimumVisualStudioVersion = 10.0.40219.1
Project("{FAE04EC0-301F-11D3-BF4B-00C04F79EFBC}") = "CSHW11", "CSHW11\CSHW11.csproj", "{B8113819-38D0-4424-BD30-D9E0F9C18339}"
EndProject
Global
	GlobalSection(SolutionConfigurationPlatforms) = preSolution
		Debug|Any CPU = Debug|Any CPU
		Release|Any CPU = Release|Any CPU
	EndGlobalSection
	GlobalSection(ProjectConfigurationPlatforms) = postSolution
		{B8113819-38D0-4424-BD30-D9E0F9C18339}.Debug|Any CPU.ActiveCfg = Debug|Any CPU
		{B8113819-38D0-4424-BD30-D9E0F9C18339}.Debug|Any CPU.Build.0 = Debug|Any CPU
		{B8113819-38D0-4424-BD30-D9E0F9C18339}.Release|Any CPU.ActiveCfg = Release|Any CPU
		{B8113819-38D0-4424-BD30-D9E0F9C18339}.Release|Any CPU.Build.0 = Release|Any CPU
	EndGlobalSection
	GlobalSection(SolutionProperties) = preSolution
		HideSolutionNode = FALSE
	EndGlobalSection
	GlobalSection(ExtensibilityGlobals) = postSolution
		SolutionGuid = {D8198E60-CA4A-44E9-81E4-8A2C6E3FB27C}
	EndGlobalSection
EndGlobal
